
Microsoft Visual Studio Solution File, Format Version 12.00
# Visual Studio Version 16
VisualStudioVersion = 16.0.31613.86
MinimumVisualStudioVersion = 10.0.40219.1
Project("{2150E333-8FDC-42A3-9474-1A3956D46DE8}") = "Src", "Src", "{18EAD1B5-BE0E-47EB-95C2-576384C1F3B0}"
EndProject
Project("{2150E333-8FDC-42A3-9474-1A3956D46DE8}") = "Presentation", "Presentation", "{188765C0-56FE-46B6-B706-1408540BA03C}"
EndProject
Project("{9A19103F-16F7-4668-BE54-9A1E7A4F7556}") = "Endpoint.Api", "Endpint.Api\Endpoint.Api.csproj", "{90E4E54E-07E2-4FCA-8938-B30A9F0426C1}"
EndProject
Global
	GlobalSection(SolutionConfigurationPlatforms) = preSolution
		Debug|Any CPU = Debug|Any CPU
		Release|Any CPU = Release|Any CPU
	EndGlobalSection
	GlobalSection(ProjectConfigurationPlatforms) = postSolution
		{90E4E54E-07E2-4FCA-8938-B30A9F0426C1}.Debug|Any CPU.ActiveCfg = Debug|Any CPU
		{90E4E54E-07E2-4FCA-8938-B30A9F0426C1}.Debug|Any CPU.Build.0 = Debug|Any CPU
		{90E4E54E-07E2-4FCA-8938-B30A9F0426C1}.Release|Any CPU.ActiveCfg = Release|Any CPU
		{90E4E54E-07E2-4FCA-8938-B30A9F0426C1}.Release|Any CPU.Build.0 = Release|Any CPU
	EndGlobalSection
	GlobalSection(SolutionProperties) = preSolution
		HideSolutionNode = FALSE
	EndGlobalSection
	GlobalSection(NestedProjects) = preSolution
		{188765C0-56FE-46B6-B706-1408540BA03C} = {18EAD1B5-BE0E-47EB-95C2-576384C1F3B0}
		{90E4E54E-07E2-4FCA-8938-B30A9F0426C1} = {188765C0-56FE-46B6-B706-1408540BA03C}
	EndGlobalSection
	GlobalSection(ExtensibilityGlobals) = postSolution
		SolutionGuid = {FE75A583-930D-49F9-A8D4-08C3956D52D4}
	EndGlobalSection
EndGlobal
